
Microsoft Visual Studio Solution File, Format Version 12.00
# Visual Studio Version 17
VisualStudioVersion = 17.10.34928.147
MinimumVisualStudioVersion = 10.0.40219.1
Project("{FAE04EC0-301F-11D3-BF4B-00C04F79EFBC}") = "GoogleMapsTest", "GoogleMapsTest\GoogleMapsTest.csproj", "{4B8683BE-2139-4182-AC44-D8A010FC808A}"
EndProject
Global
	GlobalSection(SolutionConfigurationPlatforms) = preSolution
		Debug|Any CPU = Debug|Any CPU
		Release|Any CPU = Release|Any CPU
	EndGlobalSection
	GlobalSection(ProjectConfigurationPlatforms) = postSolution
		{4B8683BE-2139-4182-AC44-D8A010FC808A}.Debug|Any CPU.ActiveCfg = Debug|Any CPU
		{4B8683BE-2139-4182-AC44-D8A010FC808A}.Debug|Any CPU.Build.0 = Debug|Any CPU
		{4B8683BE-2139-4182-AC44-D8A010FC808A}.Release|Any CPU.ActiveCfg = Release|Any CPU
		{4B8683BE-2139-4182-AC44-D8A010FC808A}.Release|Any CPU.Build.0 = Release|Any CPU
	EndGlobalSection
	GlobalSection(SolutionProperties) = preSolution
		HideSolutionNode = FALSE
	EndGlobalSection
	GlobalSection(ExtensibilityGlobals) = postSolution
		SolutionGuid = {4F7435F8-F33D-4767-9CE9-87670B3FACE7}
	EndGlobalSection
EndGlobal
